Microsoft Visual Studio Solution File, Format Version 11.00
# Visual Studio 2008

Project("{D424B7BA-82F9-3AF0-7C2E-1A68C5E07D36}") = "jdstaging", "Assembly-CSharp.csproj", "{14339C80-F2F7-56DA-9016-011D403568A2}"
EndProject
Project("{D424B7BA-82F9-3AF0-7C2E-1A68C5E07D36}") = "jdstaging", "Assembly-CSharp-Editor.csproj", "{B94ACF3B-B4CD-DB4F-203B-30774AFBD7C3}"
EndProject
Global
	GlobalSection(SolutionConfigurationPlatforms) = preSolution
		Debug|Any CPU = Debug|Any CPU
		Release|Any CPU = Release|Any CPU
	EndGlobalSection
	GlobalSection(ProjectConfigurationPlatforms) = postSolution
		{14339C80-F2F7-56DA-9016-011D403568A2}.Debug|Any CPU.ActiveCfg = Debug|Any CPU
		{14339C80-F2F7-56DA-9016-011D403568A2}.Debug|Any CPU.Build.0 = Debug|Any CPU
		{14339C80-F2F7-56DA-9016-011D403568A2}.Release|Any CPU.ActiveCfg = Release|Any CPU
		{14339C80-F2F7-56DA-9016-011D403568A2}.Release|Any CPU.Build.0 = Release|Any CPU
		{B94ACF3B-B4CD-DB4F-203B-30774AFBD7C3}.Debug|Any CPU.ActiveCfg = Debug|Any CPU
		{B94ACF3B-B4CD-DB4F-203B-30774AFBD7C3}.Debug|Any CPU.Build.0 = Debug|Any CPU
		{B94ACF3B-B4CD-DB4F-203B-30774AFBD7C3}.Release|Any CPU.ActiveCfg = Release|Any CPU
		{B94ACF3B-B4CD-DB4F-203B-30774AFBD7C3}.Release|Any CPU.Build.0 = Release|Any CPU
	EndGlobalSection
	GlobalSection(SolutionProperties) = preSolution
		HideSolutionNode = FALSE
	EndGlobalSection
	GlobalSection(MonoDevelopProperties) = preSolution
		StartupItem = Assembly-CSharp.csproj
	EndGlobalSection
EndGlobal
